// !$*UTF8*$!
{
	archiveVersion = 1;
	classes = {
	};
	objectVersion = 50;
	objects = {

/* Begin PBXBuildFile section */
		E20CC9F720C8DA0300928762 /* AppDelegate.swift in Sources */ = {isa = PBXBuildFile; fileRef = E20CC9F620C8DA0300928762 /* AppDelegate.swift */; };
		E20CC9F920C8DA0300928762 /* ViewController.swift in Sources */ = {isa = PBXBuildFile; fileRef = E20CC9F820C8DA0300928762 /* ViewController.swift */; };
		E20CC9FC20C8DA0300928762 /* Main.storyboard in Resources */ = {isa = PBXBuildFile; fileRef = E20CC9FA20C8DA0300928762 /* Main.storyboard */; };
		E20CC9FE20C8DA2000928762 /* Assets.xcassets in Resources */ = {isa = PBXBuildFile; fileRef = E20CC9FD20C8DA2000928762 /* Assets.xcassets */; };
		E20CCA0120C8DA2000928762 /* LaunchScreen.storyboard in Resources */ = {isa = PBXBuildFile; fileRef = E20CC9FF20C8DA2000928762 /* LaunchScreen.storyboard */; };
/* End PBXBuildFile section */

/* Begin PBXFileReference section */
		E20CC9F320C8DA0300928762 /* Sliding Puzzle.app */ = {isa = PBXFileReference; explicitFileType = wrapper.application; includeInIndex = 0; path = "Sliding Puzzle.app"; sourceTree = BUILT_PRODUCTS_DIR; };
		E20CC9F620C8DA0300928762 /* AppDelegate.swift */ = {isa = PBXFileReference; lastKnownFileType = sourcecode.swift; path = AppDelegate.swift; sourceTree = "<group>"; };
		E20CC9F820C8DA0300928762 /* ViewController.swift */ = {isa = PBXFileReference; lastKnownFileType = sourcecode.swift; path = ViewController.swift; sourceTree = "<group>"; };
		E20CC9FB20C8DA0300928762 /* Base */ = {isa = PBXFileReference; lastKnownFileType = file.storyboard; name = Base; path = Base.lproj/Main.storyboard; sourceTree = "<group>"; };
		E20CC9FD20C8DA2000928762 /* Assets.xcassets */ = {isa = PBXFileReference; lastKnownFileType = folder.assetcatalog; path = Assets.xcassets; sourceTree = "<group>"; };
		E20CCA0020C8DA2000928762 /* Base */ = {isa = PBXFileReference; lastKnownFileType = file.storyboard; name = Base; path = Base.lproj/LaunchScreen.storyboard; sourceTree = "<group>"; };
		E20CCA0220C8DA2000928762 /* Info.plist */ = {isa = PBXFileReference; lastKnownFileType = text.plist.xml; path = Info.plist; sourceTree = "<group>"; };
/* End PBXFileReference section */

/* Begin PBXFrameworksBuildPhase section */
		E20CC9F020C8DA0300928762 /* Frameworks */ = {
			isa = PBXFrameworksBuildPhase;
			buildActionMask = 2147483647;
			files = (
			);
			runOnlyForDeploymentPostprocessing = 0;
		};
/* End PBXFrameworksBuildPhase section */

/* Begin PBXGroup section */
		E20CC9EA20C8DA0300928762 = {
			isa = PBXGroup;
			children = (
				E20CC9F520C8DA0300928762 /* Sliding Puzzle */,
				E20CC9F420C8DA0300928762 /* Products */,
			);
			sourceTree = "<group>";
		};
		E20CC9F420C8DA0300928762 /* Products */ = {
			isa = PBXGroup;
			children = (
				E20CC9F320C8DA0300928762 /* Sliding Puzzle.app */,
			);
			name = Products;
			sourceTree = "<group>";
		};
		E20CC9F520C8DA0300928762 /* Sliding Puzzle */ = {
			isa = PBXGroup;
			children = (
				E20CC9F620C8DA0300928762 /* AppDelegate.swift */,
				E20CC9F820C8DA0300928762 /* ViewController.swift */,
				E20CC9FA20C8DA0300928762 /* Main.storyboard */,
				E20CC9FD20C8DA2000928762 /* Assets.xcassets */,
				E20CC9FF20C8DA2000928762 /* LaunchScreen.storyboard */,
				E20CCA0220C8DA2000928762 /* Info.plist */,
			);
			path = "Sliding Puzzle";
			sourceTree = "<group>";
		};
/* End PBXGroup section */

/* Begin PBXNativeTarget section */
		E20CC9F220C8DA0300928762 /* Sliding Puzzle */ = {
			isa = PBXNativeTarget;
			buildConfigurationList = E20CCA0520C8DA2100928762 /* Build configuration list for PBXNativeTarget "Sliding Puzzle" */;
			buildPhases = (
				E20CC9EF20C8DA0300928762 /* Sources */,
				E20CC9F020C8DA0300928762 /* Frameworks */,
				E20CC9F120C8DA0300928762 /* Resources */,
			);
			buildRules = (
			);
			dependencies = (
			);
			name = "Sliding Puzzle";
			productName = "Sliding Puzzle";
			productReference = E20CC9F320C8DA0300928762 /* Sliding Puzzle.app */;
			productType = "com.apple.product-type.application";
		};
/* End PBXNativeTarget section */

/* Begin PBXProject section */
		E20CC9EB20C8DA0300928762 /* Project object */ = {
			isa = PBXProject;
			attributes = {
				LastSwiftUpdateCheck = 0930;
				LastUpgradeCheck = 0930;
				ORGANIZATIONNAME = "rihab aldabbagh";
				TargetAttributes = {
					E20CC9F220C8DA0300928762 = {
						CreatedOnToolsVersion = 9.3;
					};
				};
			};
			buildConfigurationList = E20CC9EE20C8DA0300928762 /* Build configuration list for PBXProject "Sliding Puzzle" */;
			compatibilityVersion = "Xcode 9.3";
			developmentRegion = en;
			hasScannedForEncodings = 0;
			knownRegions = (
				en,
				Base,
			);
			mainGroup = E20CC9EA20C8DA0300928762;
			productRefGroup = E20CC9F420C8DA0300928762 /* Products */;
			projectDirPath = "";
			projectRoot = "";
			targets = (
				E20CC9F220C8DA0300928762 /* Sliding Puzzle */,
			);
		};
/* End PBXProject section */

/* Begin PBXResourcesBuildPhase section */
		E20CC9F120C8DA0300928762 /* Resources */ = {
			isa = PBXResourcesBuildPhase;
			buildActionMask = 2147483647;
			files = (
				E20CCA0120C8DA2000928762 /* LaunchScreen.storyboard in Resources */,
				E20CC9FE20C8DA2000928762 /* Assets.xcassets in Resources */,
				E20CC9FC20C8DA0300928762 /* Main.storyboard in Resources */,
			);
			runOnlyForDeploymentPostprocessing = 0;
		};
/* End PBXResourcesBuildPhase section */

/* Begin PBXSourcesBuildPhase section */
		E20CC9EF20C8DA0300928762 /* Sources */ = {
			isa = PBXSourcesBuildPhase;
			buildActionMask = 2147483647;
			files = (
				E20CC9F920C8DA0300928762 /* ViewController.swift in Sources */,
				E20CC9F720C8DA0300928762 /* AppDelegate.swift in Sources */,
			);
			runOnlyForDeploymentPostprocessing = 0;
		};
/* End PBXSourcesBuildPhase section */

/* Begin PBXVariantGroup section */
		E20CC9FA20C8DA0300928762 /* Main.storyboard */ = {
			isa = PBXVariantGroup;
			children = (
				E20CC9FB20C8DA0300928762 /* Base */,
			);
			name = Main.storyboard;
			sourceTree = "<group>";
		};
		E20CC9FF20C8DA2000928762 /* LaunchScreen.storyboard */ = {
			isa = PBXVariantGroup;
			children = (
				E20CCA0020C8DA2000928762 /* Base */,
			);
			name = LaunchScreen.storyboard;
			sourceTree = "<group>";
		};
/* End PBXVariantGroup section */

/* Begin XCBuildConfiguration section */
		E20CCA0320C8DA2000928762 /* Debug */ = {
			isa = XCBuildConfiguration;
			buildSettings = {
				ALWAYS_SEARCH_USER_PATHS = NO;
				CLANG_ANALYZER_NONNULL = YES;
				CLANG_ANALYZER_NUMBER_OBJECT_CONVERSION = YES_AGGRESSIVE;
				CLANG_CXX_LANGUAGE_STANDARD = "gnu++14";
				CLANG_CXX_LIBRARY = "libc++";
				CLANG_ENABLE_MODULES = YES;
				CLANG_ENABLE_OBJC_ARC = YES;
				CLANG_ENABLE_OBJC_WEAK = YES;
				CLANG_WARN_BLOCK_CAPTURE_AUTORELEASING = YES;
				CLANG_WARN_BOOL_CONVERSION = YES;
				CLANG_WARN_COMMA = YES;
				CLANG_WARN_CONSTANT_CONVERSION = YES;
				CLANG_WARN_DEPRECATED_OBJC_IMPLEMENTATIONS = YES;
				CLANG_WARN_DIRECT_OBJC_ISA_USAGE = YES_ERROR;
				CLANG_WARN_DOCUMENTATION_COMMENTS = YES;
				CLANG_WARN_EMPTY_BODY = YES;
				CLANG_WARN_ENUM_CONVERSION = YES;
				CLANG_WARN_INFINITE_RECURSION = YES;
				CLANG_WARN_INT_CONVERSION = YES;
				CLANG_WARN_NON_LITERAL_NULL_CONVERSION = YES;
				CLANG_WARN_OBJC_IMPLICIT_RETAIN_SELF = YES;
				CLANG_WARN_OBJC_LITERAL_CONVERSION = YES;
				CLANG_WARN_OBJC_ROOT_CLASS = YES_ERROR;
				CLANG_WARN_RANGE_LOOP_ANALYSIS = YES;
				CLANG_WARN_STRICT_PROTOTYPES = YES;
				CLANG_WARN_SUSPICIOUS_MOVE = YES;
				CLANG_WARN_UNGUARDED_AVAILABILITY = YES_AGGRESSIVE;
				CLANG_WARN_UNREACHABLE_CODE = YES;
				CLANG_WARN__DUPLICATE_METHOD_MATCH = YES;
				CODE_SIGN_IDENTITY = "iPhone Developer";
				COPY_PHASE_STRIP = NO;
				DEBUG_INFORMATION_FORMAT = dwarf;
				ENABLE_STRICT_OBJC_MSGSEND = YES;
				ENABLE_TESTABILITY = YES;
				GCC_C_LANGUAGE_STANDARD = gnu11;
				GCC_DYNAMIC_NO_PIC = NO;
				GCC_NO_COMMON_BLOCKS = YES;
				GCC_OPTIMIZATION_LEVEL = 0;
				GCC_PREPROCESSOR_DEFINITIONS = (
					"DEBUG=1",
					"$(inherited)",
				);
				GCC_WARN_64_TO_32_BIT_CONVERSION = YES;
				GCC_WARN_ABOUT_RETURN_TYPE = YES_ERROR;
				GCC_WARN_UNDECLARED_SELECTOR = YES;
				GCC_WARN_UNINITIALIZED_AUTOS = YES_AGGRESSIVE;
				GCC_WARN_UNUSED_FUNCTION = YES;
				GCC_WARN_UNUSED_VARIABLE = YES;
				IPHONEOS_DEPLOYMENT_TARGET = 11.3;
				MTL_ENABLE_DEBUG_INFO = YES;
				ONLY_ACTIVE_ARCH = YES;
				SDKROOT = iphoneos;
				SWIFT_ACTIVE_COMPILATION_CONDITIONS = DEBUG;
				SWIFT_OPTIMIZATION_LEVEL = "-Onone";
			};
			name = Debug;
		};
		E20CCA0420C8DA2000928762 /* Release */ = {
			isa = XCBuildConfiguration;
			buildSettings = {
				ALWAYS_SEARCH_USER_PATHS = NO;
				CLANG_ANALYZER_NONNULL = YES;
				CLANG_ANALYZER_NUMBER_OBJECT_CONVERSION = YES_AGGRESSIVE;
				CLANG_CXX_LANGUAGE_STANDARD = "gnu++14";
				CLANG_CXX_LIBRARY = "libc++";
				CLANG_ENABLE_MODULES = YES;
				CLANG_ENABLE_OBJC_ARC = YES;
				CLANG_ENABLE_OBJC_WEAK = YES;
				CLANG_WARN_BLOCK_CAPTURE_AUTORELEASING = YES;
				CLANG_WARN_BOOL_CONVERSION = YES;
				CLANG_WARN_COMMA = YES;
				CLANG_WARN_CONSTANT_CONVERSION = YES;
				CLANG_WARN_DEPRECATED_OBJC_IMPLEMENTATIONS = YES;
				CLANG_WARN_DIRECT_OBJC_ISA_USAGE = YES_ERROR;
				CLANG_WARN_DOCUMENTATION_COMMENTS = YES;
				CLANG_WARN_EMPTY_BODY = YES;
				CLANG_WARN_ENUM_CONVERSION = YES;
				CLANG_WARN_INFINITE_RECURSION = YES;
				CLANG_WARN_INT_CONVERSION = YES;
				CLANG_WARN_NON_LITERAL_NULL_CONVERSION = YES;
				CLANG_WARN_OBJC_IMPLICIT_RETAIN_SELF = YES;
				CLANG_WARN_OBJC_LITERAL_CONVERSION = YES;
				CLANG_WARN_OBJC_ROOT_CLASS = YES_ERROR;
				CLANG_WARN_RANGE_LOOP_ANALYSIS = YES;
				CLANG_WARN_STRICT_PROTOTYPES = YES;
				CLANG_WARN_SUSPICIOUS_MOVE = YES;
				CLANG_WARN_UNGUARDED_AVAILABILITY = YES_AGGRESSIVE;
				CLANG_WARN_UNREACHABLE_CODE = YES;
				CLANG_WARN__DUPLICATE_METHOD_MATCH = YES;
				CODE_SIGN_IDENTITY = "iPhone Developer";
				COPY_PHASE_STRIP = NO;
				DEBUG_INFORMATION_FORMAT = "dwarf-with-dsym";
				ENABLE_NS_ASSERTIONS = NO;
				ENABLE_STRICT_OBJC_MSGSEND = YES;
				GCC_C_LANGUAGE_STANDARD = gnu11;
				GCC_NO_COMMON_BLOCKS = YES;
				GCC_WARN_64_TO_32_BIT_CONVERSION = YES;
				GCC_WARN_ABOUT_RETURN_TYPE = YES_ERROR;
				GCC_WARN_UNDECLARED_SELECTOR = YES;
				GCC_WARN_UNINITIALIZED_AUTOS = YES_AGGRESSIVE;
				GCC_WARN_UNUSED_FUNCTION = YES;
				GCC_WARN_UNUSED_VARIABLE = YES;
				IPHONEOS_DEPLOYMENT_TARGET = 11.3;
				MTL_ENABLE_DEBUG_INFO = NO;
				SDKROOT = iphoneos;
				SWIFT_COMPILATION_MODE = wholemodule;
				SWIFT_OPTIMIZATION_LEVEL = "-O";
				VALIDATE_PRODUCT = YES;
			};
			name = Release;
		};
		E20CCA0620C8DA2100928762 /* Debug */ = {
			isa = XCBuildConfiguration;
			buildSettings = {
				ASSETCATALOG_COMPILER_APPICON_NAME = AppIcon;
				CODE_SIGN_STYLE = Automatic;
				DEVELOPMENT_TEAM = GSB58BEU3P;
				INFOPLIST_FILE = "Sliding Puzzle/Info.plist";
				LD_RUNPATH_SEARCH_PATHS = (
					"$(inherited)",
					"@executable_path/Frameworks",
				);
				PRODUCT_BUNDLE_IDENTIFIER = "RD.Sliding-Puzzle";
				PRODUCT_NAME = "$(TARGET_NAME)";
				SWIFT_VERSION = 4.0;
				TARGETED_DEVICE_FAMILY = "1,2";
			};
			name = Debug;
		};
		E20CCA0720C8DA2100928762 /* Release */ = {
			isa = XCBuildConfiguration;
			buildSettings = {
				ASSETCATALOG_COMPILER_APPICON_NAME = AppIcon;
				CODE_SIGN_STYLE = Automatic;
				DEVELOPMENT_TEAM = GSB58BEU3P;
				INFOPLIST_FILE = "Sliding Puzzle/Info.plist";
				LD_RUNPATH_SEARCH_PATHS = (
					"$(inherited)",
					"@executable_path/Frameworks",
				);
				PRODUCT_BUNDLE_IDENTIFIER = "RD.Sliding-Puzzle";
				PRODUCT_NAME = "$(TARGET_NAME)";
				SWIFT_VERSION = 4.0;
				TARGETED_DEVICE_FAMILY = "1,2";
			};
			name = Release;
		};
/* End XCBuildConfiguration section */

/* Begin XCConfigurationList section */
		E20CC9EE20C8DA0300928762 /* Build configuration list for PBXProject "Sliding Puzzle" */ = {
			isa = XCConfigurationList;
			buildConfigurations = (
				E20CCA0320C8DA2000928762 /* Debug */,
				E20CCA0420C8DA2000928762 /* Release */,
			);
			defaultConfigurationIsVisible = 0;
			defaultConfigurationName = Release;
		};
		E20CCA0520C8DA2100928762 /* Build configuration list for PBXNativeTarget "Sliding Puzzle" */ = {
			isa = XCConfigurationList;
			buildConfigurations = (
				E20CCA0620C8DA2100928762 /* Debug */,
				E20CCA0720C8DA2100928762 /* Release */,
			);
			defaultConfigurationIsVisible = 0;
			defaultConfigurationName = Release;
		};
/* End XCConfigurationList section */
	};
	rootObject = E20CC9EB20C8DA0300928762 /* Project object */;
}
